
Microsoft Visual Studio Solution File, Format Version 12.00
# Visual Studio Version 16
VisualStudioVersion = 16.0.31129.286
MinimumVisualStudioVersion = 10.0.40219.1
Project("{FAE04EC0-301F-11D3-BF4B-00C04F79EFBC}") = "PromocionesMOB", "PromocionesMOB.csproj", "{B4562225-26D1-4733-82ED-774E8C172966}"
EndProject
Project("{FAE04EC0-301F-11D3-BF4B-00C04F79EFBC}") = "MOBClassLibrary", "..\MOBClass\MOBClassLibrary.csproj", "{EFA45253-ADD5-4407-A6BC-C67952E417A7}"
EndProject
Global
	GlobalSection(SolutionConfigurationPlatforms) = preSolution
		Debug|Any CPU = Debug|Any CPU
		Release|Any CPU = Release|Any CPU
	EndGlobalSection
	GlobalSection(ProjectConfigurationPlatforms) = postSolution
		{B4562225-26D1-4733-82ED-774E8C172966}.Debug|Any CPU.ActiveCfg = Debug|Any CPU
		{B4562225-26D1-4733-82ED-774E8C172966}.Debug|Any CPU.Build.0 = Debug|Any CPU
		{B4562225-26D1-4733-82ED-774E8C172966}.Release|Any CPU.ActiveCfg = Release|Any CPU
		{B4562225-26D1-4733-82ED-774E8C172966}.Release|Any CPU.Build.0 = Release|Any CPU
		{EFA45253-ADD5-4407-A6BC-C67952E417A7}.Debug|Any CPU.ActiveCfg = Debug|Any CPU
		{EFA45253-ADD5-4407-A6BC-C67952E417A7}.Debug|Any CPU.Build.0 = Debug|Any CPU
		{EFA45253-ADD5-4407-A6BC-C67952E417A7}.Release|Any CPU.ActiveCfg = Release|Any CPU
		{EFA45253-ADD5-4407-A6BC-C67952E417A7}.Release|Any CPU.Build.0 = Release|Any CPU
	EndGlobalSection
	GlobalSection(SolutionProperties) = preSolution
		HideSolutionNode = FALSE
	EndGlobalSection
	GlobalSection(ExtensibilityGlobals) = postSolution
		SolutionGuid = {360878E0-9046-43E1-8388-B99549573385}
	EndGlobalSection
EndGlobal
